
Microsoft Visual Studio Solution File, Format Version 12.00
# Visual Studio Version 17
VisualStudioVersion = 17.11.35222.181
MinimumVisualStudioVersion = 10.0.40219.1
Project("{FAE04EC0-301F-11D3-BF4B-00C04F79EFBC}") = "IndependentBrains", "IndependentBrains\IndependentBrains.csproj", "{51C40D31-6ECB-4BEC-9109-38689C16C75A}"
EndProject
Global
	GlobalSection(SolutionConfigurationPlatforms) = preSolution
		Debug|Any CPU = Debug|Any CPU
		Release|Any CPU = Release|Any CPU
	EndGlobalSection
	GlobalSection(ProjectConfigurationPlatforms) = postSolution
		{51C40D31-6ECB-4BEC-9109-38689C16C75A}.Debug|Any CPU.ActiveCfg = Debug|Any CPU
		{51C40D31-6ECB-4BEC-9109-38689C16C75A}.Debug|Any CPU.Build.0 = Debug|Any CPU
		{51C40D31-6ECB-4BEC-9109-38689C16C75A}.Release|Any CPU.ActiveCfg = Release|Any CPU
		{51C40D31-6ECB-4BEC-9109-38689C16C75A}.Release|Any CPU.Build.0 = Release|Any CPU
	EndGlobalSection
	GlobalSection(SolutionProperties) = preSolution
		HideSolutionNode = FALSE
	EndGlobalSection
	GlobalSection(ExtensibilityGlobals) = postSolution
		SolutionGuid = {6B6635BD-5922-4639-A541-A501318977B2}
	EndGlobalSection
EndGlobal
